// !$*UTF8*$!
{
	archiveVersion = 1;
	classes = {
	};
	objectVersion = 56;
	objects = {

/* Begin PBXBuildFile section */
		AFC74DFF2BDA0DE0007018C1 /* TodoListApp.swift in Sources */ = {isa = PBXBuildFile; fileRef = AFC74DFE2BDA0DE0007018C1 /* TodoListApp.swift */; };
		AFC74E012BDA0DE0007018C1 /* ContentView.swift in Sources */ = {isa = PBXBuildFile; fileRef = AFC74E002BDA0DE0007018C1 /* ContentView.swift */; };
		AFC74E032BDA0DE4007018C1 /* Assets.xcassets in Resources */ = {isa = PBXBuildFile; fileRef = AFC74E022BDA0DE4007018C1 /* Assets.xcassets */; };
		AFC74E072BDA0DE4007018C1 /* Preview Assets.xcassets in Resources */ = {isa = PBXBuildFile; fileRef = AFC74E062BDA0DE4007018C1 /* Preview Assets.xcassets */; };
		AFC74E0E2BDA0DEF007018C1 /* Task.swift in Sources */ = {isa = PBXBuildFile; fileRef = AFC74E0D2BDA0DEF007018C1 /* Task.swift */; };
		AFC74E182BDA4C39007018C1 /* WidgetKit.framework in Frameworks */ = {isa = PBXBuildFile; fileRef = AFC74E172BDA4C39007018C1 /* WidgetKit.framework */; };
		AFC74E1A2BDA4C39007018C1 /* SwiftUI.framework in Frameworks */ = {isa = PBXBuildFile; fileRef = AFC74E192BDA4C39007018C1 /* SwiftUI.framework */; };
		AFC74E1D2BDA4C39007018C1 /* TodoWidgetBundle.swift in Sources */ = {isa = PBXBuildFile; fileRef = AFC74E1C2BDA4C39007018C1 /* TodoWidgetBundle.swift */; };
		AFC74E1F2BDA4C39007018C1 /* TodoWidget.swift in Sources */ = {isa = PBXBuildFile; fileRef = AFC74E1E2BDA4C39007018C1 /* TodoWidget.swift */; };
		AFC74E212BDA4C3D007018C1 /* Assets.xcassets in Resources */ = {isa = PBXBuildFile; fileRef = AFC74E202BDA4C3D007018C1 /* Assets.xcassets */; };
		AFC74E252BDA4C3D007018C1 /* TodoWidgetExtension.appex in Embed Foundation Extensions */ = {isa = PBXBuildFile; fileRef = AFC74E152BDA4C39007018C1 /* TodoWidgetExtension.appex */; settings = {ATTRIBUTES = (RemoveHeadersOnCopy, ); }; };
/* End PBXBuildFile section */

/* Begin PBXContainerItemProxy section */
		AFC74E232BDA4C3D007018C1 /* PBXContainerItemProxy */ = {
			isa = PBXContainerItemProxy;
			containerPortal = AFC74DF32BDA0DE0007018C1 /* Project object */;
			proxyType = 1;
			remoteGlobalIDString = AFC74E142BDA4C39007018C1;
			remoteInfo = TodoWidgetExtension;
		};
/* End PBXContainerItemProxy section */

/* Begin PBXCopyFilesBuildPhase section */
		AFC74E292BDA4C3D007018C1 /* Embed Foundation Extensions */ = {
			isa = PBXCopyFilesBuildPhase;
			buildActionMask = 2147483647;
			dstPath = "";
			dstSubfolderSpec = 13;
			files = (
				AFC74E252BDA4C3D007018C1 /* TodoWidgetExtension.appex in Embed Foundation Extensions */,
			);
			name = "Embed Foundation Extensions";
			runOnlyForDeploymentPostprocessing = 0;
		};
/* End PBXCopyFilesBuildPhase section */

/* Begin PBXFileReference section */
		AFC74DFB2BDA0DE0007018C1 /* TodoList.app */ = {isa = PBXFileReference; explicitFileType = wrapper.application; includeInIndex = 0; path = TodoList.app; sourceTree = BUILT_PRODUCTS_DIR; };
		AFC74DFE2BDA0DE0007018C1 /* TodoListApp.swift */ = {isa = PBXFileReference; lastKnownFileType = sourcecode.swift; path = TodoListApp.swift; sourceTree = "<group>"; };
		AFC74E002BDA0DE0007018C1 /* ContentView.swift */ = {isa = PBXFileReference; lastKnownFileType = sourcecode.swift; path = ContentView.swift; sourceTree = "<group>"; };
		AFC74E022BDA0DE4007018C1 /* Assets.xcassets */ = {isa = PBXFileReference; lastKnownFileType = folder.assetcatalog; path = Assets.xcassets; sourceTree = "<group>"; };
		AFC74E042BDA0DE4007018C1 /* TodoList.entitlements */ = {isa = PBXFileReference; lastKnownFileType = text.plist.entitlements; path = TodoList.entitlements; sourceTree = "<group>"; };
		AFC74E062BDA0DE4007018C1 /* Preview Assets.xcassets */ = {isa = PBXFileReference; lastKnownFileType = folder.assetcatalog; path = "Preview Assets.xcassets"; sourceTree = "<group>"; };
		AFC74E0D2BDA0DEF007018C1 /* Task.swift */ = {isa = PBXFileReference; lastKnownFileType = sourcecode.swift; path = Task.swift; sourceTree = "<group>"; };
		AFC74E152BDA4C39007018C1 /* TodoWidgetExtension.appex */ = {isa = PBXFileReference; explicitFileType = "wrapper.app-extension"; includeInIndex = 0; path = TodoWidgetExtension.appex; sourceTree = BUILT_PRODUCTS_DIR; };
		AFC74E172BDA4C39007018C1 /* WidgetKit.framework */ = {isa = PBXFileReference; lastKnownFileType = wrapper.framework; name = WidgetKit.framework; path = System/Library/Frameworks/WidgetKit.framework; sourceTree = SDKROOT; };
		AFC74E192BDA4C39007018C1 /* SwiftUI.framework */ = {isa = PBXFileReference; lastKnownFileType = wrapper.framework; name = SwiftUI.framework; path = System/Library/Frameworks/SwiftUI.framework; sourceTree = SDKROOT; };
		AFC74E1C2BDA4C39007018C1 /* TodoWidgetBundle.swift */ = {isa = PBXFileReference; lastKnownFileType = sourcecode.swift; path = TodoWidgetBundle.swift; sourceTree = "<group>"; };
		AFC74E1E2BDA4C39007018C1 /* TodoWidget.swift */ = {isa = PBXFileReference; lastKnownFileType = sourcecode.swift; path = TodoWidget.swift; sourceTree = "<group>"; };
		AFC74E202BDA4C3D007018C1 /* Assets.xcassets */ = {isa = PBXFileReference; lastKnownFileType = folder.assetcatalog; path = Assets.xcassets; sourceTree = "<group>"; };
		AFC74E222BDA4C3D007018C1 /* Info.plist */ = {isa = PBXFileReference; lastKnownFileType = text.plist.xml; path = Info.plist; sourceTree = "<group>"; };
		AFC74E2B2BDB386C007018C1 /* TodoWidgetExtension.entitlements */ = {isa = PBXFileReference; lastKnownFileType = text.plist.entitlements; path = TodoWidgetExtension.entitlements; sourceTree = "<group>"; };
/* End PBXFileReference section */

/* Begin PBXFrameworksBuildPhase section */
		AFC74DF82BDA0DE0007018C1 /* Frameworks */ = {
			isa = PBXFrameworksBuildPhase;
			buildActionMask = 2147483647;
			files = (
			);
			runOnlyForDeploymentPostprocessing = 0;
		};
		AFC74E122BDA4C39007018C1 /* Frameworks */ = {
			isa = PBXFrameworksBuildPhase;
			buildActionMask = 2147483647;
			files = (
				AFC74E1A2BDA4C39007018C1 /* SwiftUI.framework in Frameworks */,
				AFC74E182BDA4C39007018C1 /* WidgetKit.framework in Frameworks */,
			);
			runOnlyForDeploymentPostprocessing = 0;
		};
/* End PBXFrameworksBuildPhase section */

/* Begin PBXGroup section */
		AFC74DF22BDA0DE0007018C1 = {
			isa = PBXGroup;
			children = (
				AFC74E2B2BDB386C007018C1 /* TodoWidgetExtension.entitlements */,
				AFC74DFD2BDA0DE0007018C1 /* TodoList */,
				AFC74E1B2BDA4C39007018C1 /* TodoWidget */,
				AFC74E162BDA4C39007018C1 /* Frameworks */,
				AFC74DFC2BDA0DE0007018C1 /* Products */,
			);
			sourceTree = "<group>";
		};
		AFC74DFC2BDA0DE0007018C1 /* Products */ = {
			isa = PBXGroup;
			children = (
				AFC74DFB2BDA0DE0007018C1 /* TodoList.app */,
				AFC74E152BDA4C39007018C1 /* TodoWidgetExtension.appex */,
			);
			name = Products;
			sourceTree = "<group>";
		};
		AFC74DFD2BDA0DE0007018C1 /* TodoList */ = {
			isa = PBXGroup;
			children = (
				AFC74DFE2BDA0DE0007018C1 /* TodoListApp.swift */,
				AFC74E002BDA0DE0007018C1 /* ContentView.swift */,
				AFC74E0D2BDA0DEF007018C1 /* Task.swift */,
				AFC74E022BDA0DE4007018C1 /* Assets.xcassets */,
				AFC74E042BDA0DE4007018C1 /* TodoList.entitlements */,
				AFC74E052BDA0DE4007018C1 /* Preview Content */,
			);
			path = TodoList;
			sourceTree = "<group>";
		};
		AFC74E052BDA0DE4007018C1 /* Preview Content */ = {
			isa = PBXGroup;
			children = (
				AFC74E062BDA0DE4007018C1 /* Preview Assets.xcassets */,
			);
			path = "Preview Content";
			sourceTree = "<group>";
		};
		AFC74E162BDA4C39007018C1 /* Frameworks */ = {
			isa = PBXGroup;
			children = (
				AFC74E172BDA4C39007018C1 /* WidgetKit.framework */,
				AFC74E192BDA4C39007018C1 /* SwiftUI.framework */,
			);
			name = Frameworks;
			sourceTree = "<group>";
		};
		AFC74E1B2BDA4C39007018C1 /* TodoWidget */ = {
			isa = PBXGroup;
			children = (
				AFC74E1C2BDA4C39007018C1 /* TodoWidgetBundle.swift */,
				AFC74E1E2BDA4C39007018C1 /* TodoWidget.swift */,
				AFC74E202BDA4C3D007018C1 /* Assets.xcassets */,
				AFC74E222BDA4C3D007018C1 /* Info.plist */,
			);
			path = TodoWidget;
			sourceTree = "<group>";
		};
/* End PBXGroup section */

/* Begin PBXNativeTarget section */
		AFC74DFA2BDA0DE0007018C1 /* TodoList */ = {
			isa = PBXNativeTarget;
			buildConfigurationList = AFC74E0A2BDA0DE4007018C1 /* Build configuration list for PBXNativeTarget "TodoList" */;
			buildPhases = (
				AFC74DF72BDA0DE0007018C1 /* Sources */,
				AFC74DF82BDA0DE0007018C1 /* Frameworks */,
				AFC74DF92BDA0DE0007018C1 /* Resources */,
				AFC74E292BDA4C3D007018C1 /* Embed Foundation Extensions */,
			);
			buildRules = (
			);
			dependencies = (
				AFC74E242BDA4C3D007018C1 /* PBXTargetDependency */,
			);
			name = TodoList;
			productName = TodoList;
			productReference = AFC74DFB2BDA0DE0007018C1 /* TodoList.app */;
			productType = "com.apple.product-type.application";
		};
		AFC74E142BDA4C39007018C1 /* TodoWidgetExtension */ = {
			isa = PBXNativeTarget;
			buildConfigurationList = AFC74E262BDA4C3D007018C1 /* Build configuration list for PBXNativeTarget "TodoWidgetExtension" */;
			buildPhases = (
				AFC74E112BDA4C39007018C1 /* Sources */,
				AFC74E122BDA4C39007018C1 /* Frameworks */,
				AFC74E132BDA4C39007018C1 /* Resources */,
			);
			buildRules = (
			);
			dependencies = (
			);
			name = TodoWidgetExtension;
			productName = TodoWidgetExtension;
			productReference = AFC74E152BDA4C39007018C1 /* TodoWidgetExtension.appex */;
			productType = "com.apple.product-type.app-extension";
		};
/* End PBXNativeTarget section */

/* Begin PBXProject section */
		AFC74DF32BDA0DE0007018C1 /* Project object */ = {
			isa = PBXProject;
			attributes = {
				BuildIndependentTargetsInParallel = 1;
				LastSwiftUpdateCheck = 1530;
				LastUpgradeCheck = 1530;
				TargetAttributes = {
					AFC74DFA2BDA0DE0007018C1 = {
						CreatedOnToolsVersion = 15.3;
					};
					AFC74E142BDA4C39007018C1 = {
						CreatedOnToolsVersion = 15.3;
					};
				};
			};
			buildConfigurationList = AFC74DF62BDA0DE0007018C1 /* Build configuration list for PBXProject "TodoList" */;
			compatibilityVersion = "Xcode 14.0";
			developmentRegion = en;
			hasScannedForEncodings = 0;
			knownRegions = (
				en,
				Base,
			);
			mainGroup = AFC74DF22BDA0DE0007018C1;
			productRefGroup = AFC74DFC2BDA0DE0007018C1 /* Products */;
			projectDirPath = "";
			projectRoot = "";
			targets = (
				AFC74DFA2BDA0DE0007018C1 /* TodoList */,
				AFC74E142BDA4C39007018C1 /* TodoWidgetExtension */,
			);
		};
/* End PBXProject section */

/* Begin PBXResourcesBuildPhase section */
		AFC74DF92BDA0DE0007018C1 /* Resources */ = {
			isa = PBXResourcesBuildPhase;
			buildActionMask = 2147483647;
			files = (
				AFC74E072BDA0DE4007018C1 /* Preview Assets.xcassets in Resources */,
				AFC74E032BDA0DE4007018C1 /* Assets.xcassets in Resources */,
			);
			runOnlyForDeploymentPostprocessing = 0;
		};
		AFC74E132BDA4C39007018C1 /* Resources */ = {
			isa = PBXResourcesBuildPhase;
			buildActionMask = 2147483647;
			files = (
				AFC74E212BDA4C3D007018C1 /* Assets.xcassets in Resources */,
			);
			runOnlyForDeploymentPostprocessing = 0;
		};
/* End PBXResourcesBuildPhase section */

/* Begin PBXSourcesBuildPhase section */
		AFC74DF72BDA0DE0007018C1 /* Sources */ = {
			isa = PBXSourcesBuildPhase;
			buildActionMask = 2147483647;
			files = (
				AFC74E012BDA0DE0007018C1 /* ContentView.swift in Sources */,
				AFC74E0E2BDA0DEF007018C1 /* Task.swift in Sources */,
				AFC74DFF2BDA0DE0007018C1 /* TodoListApp.swift in Sources */,
			);
			runOnlyForDeploymentPostprocessing = 0;
		};
		AFC74E112BDA4C39007018C1 /* Sources */ = {
			isa = PBXSourcesBuildPhase;
			buildActionMask = 2147483647;
			files = (
				AFC74E1D2BDA4C39007018C1 /* TodoWidgetBundle.swift in Sources */,
				AFC74E1F2BDA4C39007018C1 /* TodoWidget.swift in Sources */,
			);
			runOnlyForDeploymentPostprocessing = 0;
		};
/* End PBXSourcesBuildPhase section */

/* Begin PBXTargetDependency section */
		AFC74E242BDA4C3D007018C1 /* PBXTargetDependency */ = {
			isa = PBXTargetDependency;
			target = AFC74E142BDA4C39007018C1 /* TodoWidgetExtension */;
			targetProxy = AFC74E232BDA4C3D007018C1 /* PBXContainerItemProxy */;
		};
/* End PBXTargetDependency section */

/* Begin XCBuildConfiguration section */
		AFC74E082BDA0DE4007018C1 /* Debug */ = {
			isa = XCBuildConfiguration;
			buildSettings = {
				ALWAYS_SEARCH_USER_PATHS = NO;
				ASSETCATALOG_COMPILER_GENERATE_SWIFT_ASSET_SYMBOL_EXTENSIONS = YES;
				CLANG_ANALYZER_NONNULL = YES;
				CLANG_ANALYZER_NUMBER_OBJECT_CONVERSION = YES_AGGRESSIVE;
				CLANG_CXX_LANGUAGE_STANDARD = "gnu++20";
				CLANG_ENABLE_MODULES = YES;
				CLANG_ENABLE_OBJC_ARC = YES;
				CLANG_ENABLE_OBJC_WEAK = YES;
				CLANG_WARN_BLOCK_CAPTURE_AUTORELEASING = YES;
				CLANG_WARN_BOOL_CONVERSION = YES;
				CLANG_WARN_COMMA = YES;
				CLANG_WARN_CONSTANT_CONVERSION = YES;
				CLANG_WARN_DEPRECATED_OBJC_IMPLEMENTATIONS = YES;
				CLANG_WARN_DIRECT_OBJC_ISA_USAGE = YES_ERROR;
				CLANG_WARN_DOCUMENTATION_COMMENTS = YES;
				CLANG_WARN_EMPTY_BODY = YES;
				CLANG_WARN_ENUM_CONVERSION = YES;
				CLANG_WARN_INFINITE_RECURSION = YES;
				CLANG_WARN_INT_CONVERSION = YES;
				CLANG_WARN_NON_LITERAL_NULL_CONVERSION = YES;
				CLANG_WARN_OBJC_IMPLICIT_RETAIN_SELF = YES;
				CLANG_WARN_OBJC_LITERAL_CONVERSION = YES;
				CLANG_WARN_OBJC_ROOT_CLASS = YES_ERROR;
				CLANG_WARN_QUOTED_INCLUDE_IN_FRAMEWORK_HEADER = YES;
				CLANG_WARN_RANGE_LOOP_ANALYSIS = YES;
				CLANG_WARN_STRICT_PROTOTYPES = YES;
				CLANG_WARN_SUSPICIOUS_MOVE = YES;
				CLANG_WARN_UNGUARDED_AVAILABILITY = YES_AGGRESSIVE;
				CLANG_WARN_UNREACHABLE_CODE = YES;
				CLANG_WARN__DUPLICATE_METHOD_MATCH = YES;
				COPY_PHASE_STRIP = NO;
				DEBUG_INFORMATION_FORMAT = dwarf;
				ENABLE_STRICT_OBJC_MSGSEND = YES;
				ENABLE_TESTABILITY = YES;
				ENABLE_USER_SCRIPT_SANDBOXING = YES;
				GCC_C_LANGUAGE_STANDARD = gnu17;
				GCC_DYNAMIC_NO_PIC = NO;
				GCC_NO_COMMON_BLOCKS = YES;
				GCC_OPTIMIZATION_LEVEL = 0;
				GCC_PREPROCESSOR_DEFINITIONS = (
					"DEBUG=1",
					"$(inherited)",
				);
				GCC_WARN_64_TO_32_BIT_CONVERSION = YES;
				GCC_WARN_ABOUT_RETURN_TYPE = YES_ERROR;
				GCC_WARN_UNDECLARED_SELECTOR = YES;
				GCC_WARN_UNINITIALIZED_AUTOS = YES_AGGRESSIVE;
				GCC_WARN_UNUSED_FUNCTION = YES;
				GCC_WARN_UNUSED_VARIABLE = YES;
				LOCALIZATION_PREFERS_STRING_CATALOGS = YES;
				MTL_ENABLE_DEBUG_INFO = INCLUDE_SOURCE;
				MTL_FAST_MATH = YES;
				ONLY_ACTIVE_ARCH = YES;
				SWIFT_ACTIVE_COMPILATION_CONDITIONS = "DEBUG $(inherited)";
				SWIFT_OPTIMIZATION_LEVEL = "-Onone";
			};
			name = Debug;
		};
		AFC74E092BDA0DE4007018C1 /* Release */ = {
			isa = XCBuildConfiguration;
			buildSettings = {
				ALWAYS_SEARCH_USER_PATHS = NO;
				ASSETCATALOG_COMPILER_GENERATE_SWIFT_ASSET_SYMBOL_EXTENSIONS = YES;
				CLANG_ANALYZER_NONNULL = YES;
				CLANG_ANALYZER_NUMBER_OBJECT_CONVERSION = YES_AGGRESSIVE;
				CLANG_CXX_LANGUAGE_STANDARD = "gnu++20";
				CLANG_ENABLE_MODULES = YES;
				CLANG_ENABLE_OBJC_ARC = YES;
				CLANG_ENABLE_OBJC_WEAK = YES;
				CLANG_WARN_BLOCK_CAPTURE_AUTORELEASING = YES;
				CLANG_WARN_BOOL_CONVERSION = YES;
				CLANG_WARN_COMMA = YES;
				CLANG_WARN_CONSTANT_CONVERSION = YES;
				CLANG_WARN_DEPRECATED_OBJC_IMPLEMENTATIONS = YES;
				CLANG_WARN_DIRECT_OBJC_ISA_USAGE = YES_ERROR;
				CLANG_WARN_DOCUMENTATION_COMMENTS = YES;
				CLANG_WARN_EMPTY_BODY = YES;
				CLANG_WARN_ENUM_CONVERSION = YES;
				CLANG_WARN_INFINITE_RECURSION = YES;
				CLANG_WARN_INT_CONVERSION = YES;
				CLANG_WARN_NON_LITERAL_NULL_CONVERSION = YES;
				CLANG_WARN_OBJC_IMPLICIT_RETAIN_SELF = YES;
				CLANG_WARN_OBJC_LITERAL_CONVERSION = YES;
				CLANG_WARN_OBJC_ROOT_CLASS = YES_ERROR;
				CLANG_WARN_QUOTED_INCLUDE_IN_FRAMEWORK_HEADER = YES;
				CLANG_WARN_RANGE_LOOP_ANALYSIS = YES;
				CLANG_WARN_STRICT_PROTOTYPES = YES;
				CLANG_WARN_SUSPICIOUS_MOVE = YES;
				CLANG_WARN_UNGUARDED_AVAILABILITY = YES_AGGRESSIVE;
				CLANG_WARN_UNREACHABLE_CODE = YES;
				CLANG_WARN__DUPLICATE_METHOD_MATCH = YES;
				COPY_PHASE_STRIP = NO;
				DEBUG_INFORMATION_FORMAT = "dwarf-with-dsym";
				ENABLE_NS_ASSERTIONS = NO;
				ENABLE_STRICT_OBJC_MSGSEND = YES;
				ENABLE_USER_SCRIPT_SANDBOXING = YES;
				GCC_C_LANGUAGE_STANDARD = gnu17;
				GCC_NO_COMMON_BLOCKS = YES;
				GCC_WARN_64_TO_32_BIT_CONVERSION = YES;
				GCC_WARN_ABOUT_RETURN_TYPE = YES_ERROR;
				GCC_WARN_UNDECLARED_SELECTOR = YES;
				GCC_WARN_UNINITIALIZED_AUTOS = YES_AGGRESSIVE;
				GCC_WARN_UNUSED_FUNCTION = YES;
				GCC_WARN_UNUSED_VARIABLE = YES;
				LOCALIZATION_PREFERS_STRING_CATALOGS = YES;
				MTL_ENABLE_DEBUG_INFO = NO;
				MTL_FAST_MATH = YES;
				SWIFT_COMPILATION_MODE = wholemodule;
			};
			name = Release;
		};
		AFC74E0B2BDA0DE4007018C1 /* Debug */ = {
			isa = XCBuildConfiguration;
			buildSettings = {
				ALWAYS_EMBED_SWIFT_STANDARD_LIBRARIES = YES;
				ASSETCATALOG_COMPILER_APPICON_NAME = AppIcon;
				ASSETCATALOG_COMPILER_GLOBAL_ACCENT_COLOR_NAME = AccentColor;
				CODE_SIGN_ENTITLEMENTS = TodoList/TodoList.entitlements;
				CODE_SIGN_STYLE = Automatic;
				CURRENT_PROJECT_VERSION = 1;
				DEVELOPMENT_ASSET_PATHS = "\"TodoList/Preview Content\"";
				ENABLE_PREVIEWS = YES;
				GENERATE_INFOPLIST_FILE = YES;
				"INFOPLIST_KEY_UIApplicationSceneManifest_Generation[sdk=iphoneos*]" = YES;
				"INFOPLIST_KEY_UIApplicationSceneManifest_Generation[sdk=iphonesimulator*]" = YES;
				"INFOPLIST_KEY_UIApplicationSupportsIndirectInputEvents[sdk=iphoneos*]" = YES;
				"INFOPLIST_KEY_UIApplicationSupportsIndirectInputEvents[sdk=iphonesimulator*]" = YES;
				"INFOPLIST_KEY_UILaunchScreen_Generation[sdk=iphoneos*]" = YES;
				"INFOPLIST_KEY_UILaunchScreen_Generation[sdk=iphonesimulator*]" = YES;
				"INFOPLIST_KEY_UIStatusBarStyle[sdk=iphoneos*]" = UIStatusBarStyleDefault;
				"INFOPLIST_KEY_UIStatusBarStyle[sdk=iphonesimulator*]" = UIStatusBarStyleDefault;
				INFOPLIST_KEY_UISupportedInterfaceOrientations_iPad = "UIInterfaceOrientationPortrait UIInterfaceOrientationPortraitUpsideDown UIInterfaceOrientationLandscapeLeft UIInterfaceOrientationLandscapeRight";
				INFOPLIST_KEY_UISupportedInterfaceOrientations_iPhone = "UIInterfaceOrientationPortrait UIInterfaceOrientationLandscapeLeft UIInterfaceOrientationLandscapeRight";
				IPHONEOS_DEPLOYMENT_TARGET = 17.4;
				LD_RUNPATH_SEARCH_PATHS = "@executable_path/Frameworks";
				"LD_RUNPATH_SEARCH_PATHS[sdk=macosx*]" = "@executable_path/../Frameworks";
				MACOSX_DEPLOYMENT_TARGET = 14.4;
				MARKETING_VERSION = 1.0;
				PRODUCT_BUNDLE_IDENTIFIER = kr.co.jeje.TodoList;
				PRODUCT_NAME = "$(TARGET_NAME)";
				SDKROOT = auto;
				SUPPORTED_PLATFORMS = "iphoneos iphonesimulator macosx";
				SWIFT_EMIT_LOC_STRINGS = YES;
				SWIFT_VERSION = 5.0;
				TARGETED_DEVICE_FAMILY = "1,2";
			};
			name = Debug;
		};
		AFC74E0C2BDA0DE4007018C1 /* Release */ = {
			isa = XCBuildConfiguration;
			buildSettings = {
				ALWAYS_EMBED_SWIFT_STANDARD_LIBRARIES = YES;
				ASSETCATALOG_COMPILER_APPICON_NAME = AppIcon;
				ASSETCATALOG_COMPILER_GLOBAL_ACCENT_COLOR_NAME = AccentColor;
				CODE_SIGN_ENTITLEMENTS = TodoList/TodoList.entitlements;
				CODE_SIGN_STYLE = Automatic;
				CURRENT_PROJECT_VERSION = 1;
				DEVELOPMENT_ASSET_PATHS = "\"TodoList/Preview Content\"";
				ENABLE_PREVIEWS = YES;
				GENERATE_INFOPLIST_FILE = YES;
				"INFOPLIST_KEY_UIApplicationSceneManifest_Generation[sdk=iphoneos*]" = YES;
				"INFOPLIST_KEY_UIApplicationSceneManifest_Generation[sdk=iphonesimulator*]" = YES;
				"INFOPLIST_KEY_UIApplicationSupportsIndirectInputEvents[sdk=iphoneos*]" = YES;
				"INFOPLIST_KEY_UIApplicationSupportsIndirectInputEvents[sdk=iphonesimulator*]" = YES;
				"INFOPLIST_KEY_UILaunchScreen_Generation[sdk=iphoneos*]" = YES;
				"INFOPLIST_KEY_UILaunchScreen_Generation[sdk=iphonesimulator*]" = YES;
				"INFOPLIST_KEY_UIStatusBarStyle[sdk=iphoneos*]" = UIStatusBarStyleDefault;
				"INFOPLIST_KEY_UIStatusBarStyle[sdk=iphonesimulator*]" = UIStatusBarStyleDefault;
				INFOPLIST_KEY_UISupportedInterfaceOrientations_iPad = "UIInterfaceOrientationPortrait UIInterfaceOrientationPortraitUpsideDown UIInterfaceOrientationLandscapeLeft UIInterfaceOrientationLandscapeRight";
				INFOPLIST_KEY_UISupportedInterfaceOrientations_iPhone = "UIInterfaceOrientationPortrait UIInterfaceOrientationLandscapeLeft UIInterfaceOrientationLandscapeRight";
				IPHONEOS_DEPLOYMENT_TARGET = 17.4;
				LD_RUNPATH_SEARCH_PATHS = "@executable_path/Frameworks";
				"LD_RUNPATH_SEARCH_PATHS[sdk=macosx*]" = "@executable_path/../Frameworks";
				MACOSX_DEPLOYMENT_TARGET = 14.4;
				MARKETING_VERSION = 1.0;
				PRODUCT_BUNDLE_IDENTIFIER = kr.co.jeje.TodoList;
				PRODUCT_NAME = "$(TARGET_NAME)";
				SDKROOT = auto;
				SUPPORTED_PLATFORMS = "iphoneos iphonesimulator macosx";
				SWIFT_EMIT_LOC_STRINGS = YES;
				SWIFT_VERSION = 5.0;
				TARGETED_DEVICE_FAMILY = "1,2";
			};
			name = Release;
		};
		AFC74E272BDA4C3D007018C1 /* Debug */ = {
			isa = XCBuildConfiguration;
			buildSettings = {
				ASSETCATALOG_COMPILER_GLOBAL_ACCENT_COLOR_NAME = AccentColor;
				ASSETCATALOG_COMPILER_WIDGET_BACKGROUND_COLOR_NAME = WidgetBackground;
				CODE_SIGN_ENTITLEMENTS = TodoWidgetExtension.entitlements;
				CODE_SIGN_STYLE = Automatic;
				CURRENT_PROJECT_VERSION = 1;
				DEVELOPMENT_TEAM = 86P63J8F65;
				GENERATE_INFOPLIST_FILE = YES;
				INFOPLIST_FILE = TodoWidget/Info.plist;
				INFOPLIST_KEY_CFBundleDisplayName = TodoWidget;
				INFOPLIST_KEY_NSHumanReadableCopyright = "";
				IPHONEOS_DEPLOYMENT_TARGET = 17.4;
				LD_RUNPATH_SEARCH_PATHS = (
					"$(inherited)",
					"@executable_path/Frameworks",
					"@executable_path/../../Frameworks",
				);
				MARKETING_VERSION = 1.0;
				PRODUCT_BUNDLE_IDENTIFIER = kr.co.jeje.TodoList.TodoWidget;
				PRODUCT_NAME = "$(TARGET_NAME)";
				SDKROOT = iphoneos;
				SKIP_INSTALL = YES;
				SWIFT_EMIT_LOC_STRINGS = YES;
				SWIFT_VERSION = 5.0;
				TARGETED_DEVICE_FAMILY = "1,2";
			};
			name = Debug;
		};
		AFC74E282BDA4C3D007018C1 /* Release */ = {
			isa = XCBuildConfiguration;
			buildSettings = {
				ASSETCATALOG_COMPILER_GLOBAL_ACCENT_COLOR_NAME = AccentColor;
				ASSETCATALOG_COMPILER_WIDGET_BACKGROUND_COLOR_NAME = WidgetBackground;
				CODE_SIGN_ENTITLEMENTS = TodoWidgetExtension.entitlements;
				CODE_SIGN_STYLE = Automatic;
				CURRENT_PROJECT_VERSION = 1;
				DEVELOPMENT_TEAM = 86P63J8F65;
				GENERATE_INFOPLIST_FILE = YES;
				INFOPLIST_FILE = TodoWidget/Info.plist;
				INFOPLIST_KEY_CFBundleDisplayName = TodoWidget;
				INFOPLIST_KEY_NSHumanReadableCopyright = "";
				IPHONEOS_DEPLOYMENT_TARGET = 17.4;
				LD_RUNPATH_SEARCH_PATHS = (
					"$(inherited)",
					"@executable_path/Frameworks",
					"@executable_path/../../Frameworks",
				);
				MARKETING_VERSION = 1.0;
				PRODUCT_BUNDLE_IDENTIFIER = kr.co.jeje.TodoList.TodoWidget;
				PRODUCT_NAME = "$(TARGET_NAME)";
				SDKROOT = iphoneos;
				SKIP_INSTALL = YES;
				SWIFT_EMIT_LOC_STRINGS = YES;
				SWIFT_VERSION = 5.0;
				TARGETED_DEVICE_FAMILY = "1,2";
				VALIDATE_PRODUCT = YES;
			};
			name = Release;
		};
/* End XCBuildConfiguration section */

/* Begin XCConfigurationList section */
		AFC74DF62BDA0DE0007018C1 /* Build configuration list for PBXProject "TodoList" */ = {
			isa = XCConfigurationList;
			buildConfigurations = (
				AFC74E082BDA0DE4007018C1 /* Debug */,
				AFC74E092BDA0DE4007018C1 /* Release */,
			);
			defaultConfigurationIsVisible = 0;
			defaultConfigurationName = Release;
		};
		AFC74E0A2BDA0DE4007018C1 /* Build configuration list for PBXNativeTarget "TodoList" */ = {
			isa = XCConfigurationList;
			buildConfigurations = (
				AFC74E0B2BDA0DE4007018C1 /* Debug */,
				AFC74E0C2BDA0DE4007018C1 /* Release */,
			);
			defaultConfigurationIsVisible = 0;
			defaultConfigurationName = Release;
		};
		AFC74E262BDA4C3D007018C1 /* Build configuration list for PBXNativeTarget "TodoWidgetExtension" */ = {
			isa = XCConfigurationList;
			buildConfigurations = (
				AFC74E272BDA4C3D007018C1 /* Debug */,
				AFC74E282BDA4C3D007018C1 /* Release */,
			);
			defaultConfigurationIsVisible = 0;
			defaultConfigurationName = Release;
		};
/* End XCConfigurationList section */
	};
	rootObject = AFC74DF32BDA0DE0007018C1 /* Project object */;
}
